
Microsoft Visual Studio Solution File, Format Version 12.00
# Visual Studio 14
VisualStudioVersion = 14.0.25420.1
MinimumVisualStudioVersion = 10.0.40219.1
Project("{FAE04EC0-301F-11D3-BF4B-00C04F79EFBC}") = "GraficasOxyplot.Droid", "GraficasOxyplot\GraficasOxyplot.Droid\GraficasOxyplot.Droid.csproj", "{1B0FB7A3-F8C2-47EC-A65D-22A3E3DBBA8E}"
EndProject
Project("{FAE04EC0-301F-11D3-BF4B-00C04F79EFBC}") = "GraficasOxyplot.iOS", "GraficasOxyplot\GraficasOxyplot.iOS\GraficasOxyplot.iOS.csproj", "{E918FCEF-A953-4607-9646-1E41B6999F21}"
EndProject
Project("{FAE04EC0-301F-11D3-BF4B-00C04F79EFBC}") = "GraficasOxyplot.WinPhone", "GraficasOxyplot\GraficasOxyplot.WinPhone\GraficasOxyplot.WinPhone.csproj", "{9CF8BB99-0DDB-4AD2-B8D8-52FC16CAFEF1}"
EndProject
Project("{FAE04EC0-301F-11D3-BF4B-00C04F79EFBC}") = "GraficasOxyplot.UWP", "GraficasOxyplot\GraficasOxyplot.UWP\GraficasOxyplot.UWP.csproj", "{2CA693D0-F66D-4FB7-B2DB-6940A16F5407}"
EndProject
Project("{FAE04EC0-301F-11D3-BF4B-00C04F79EFBC}") = "GraficasOxyplot.Windows", "GraficasOxyplot\GraficasOxyplot.Windows\GraficasOxyplot.Windows.csproj", "{18DB6117-6F52-40FB-9017-0005D6220C58}"
EndProject
Project("{FAE04EC0-301F-11D3-BF4B-00C04F79EFBC}") = "GraficasOxyplot", "GraficasOxyplot\GraficasOxyplot\GraficasOxyplot.csproj", "{6B7D8596-F18D-4D61-8B09-29D120B2F205}"
EndProject
Global
	GlobalSection(SolutionConfigurationPlatforms) = preSolution
		Ad-Hoc|Any CPU = Ad-Hoc|Any CPU
		Ad-Hoc|ARM = Ad-Hoc|ARM
		Ad-Hoc|iPhone = Ad-Hoc|iPhone
		Ad-Hoc|iPhoneSimulator = Ad-Hoc|iPhoneSimulator
		Ad-Hoc|x64 = Ad-Hoc|x64
		Ad-Hoc|x86 = Ad-Hoc|x86
		AppStore|Any CPU = AppStore|Any CPU
		AppStore|ARM = AppStore|ARM
		AppStore|iPhone = AppStore|iPhone
		AppStore|iPhoneSimulator = AppStore|iPhoneSimulator
		AppStore|x64 = AppStore|x64
		AppStore|x86 = AppStore|x86
		Debug|Any CPU = Debug|Any CPU
		Debug|ARM = Debug|ARM
		Debug|iPhone = Debug|iPhone
		Debug|iPhoneSimulator = Debug|iPhoneSimulator
		Debug|x64 = Debug|x64
		Debug|x86 = Debug|x86
		Release|Any CPU = Release|Any CPU
		Release|ARM = Release|ARM
		Release|iPhone = Release|iPhone
		Release|iPhoneSimulator = Release|iPhoneSimulator
		Release|x64 = Release|x64
		Release|x86 = Release|x86
	EndGlobalSection
	GlobalSection(ProjectConfigurationPlatforms) = postSolution
		{1B0FB7A3-F8C2-47EC-A65D-22A3E3DBBA8E}.Ad-Hoc|Any CPU.ActiveCfg = Release|Any CPU
		{1B0FB7A3-F8C2-47EC-A65D-22A3E3DBBA8E}.Ad-Hoc|Any CPU.Build.0 = Release|Any CPU
		{1B0FB7A3-F8C2-47EC-A65D-22A3E3DBBA8E}.Ad-Hoc|Any CPU.Deploy.0 = Release|Any CPU
		{1B0FB7A3-F8C2-47EC-A65D-22A3E3DBBA8E}.Ad-Hoc|ARM.ActiveCfg = Release|Any CPU
		{1B0FB7A3-F8C2-47EC-A65D-22A3E3DBBA8E}.Ad-Hoc|ARM.Build.0 = Release|Any CPU
		{1B0FB7A3-F8C2-47EC-A65D-22A3E3DBBA8E}.Ad-Hoc|ARM.Deploy.0 = Release|Any CPU
		{1B0FB7A3-F8C2-47EC-A65D-22A3E3DBBA8E}.Ad-Hoc|iPhone.ActiveCfg = Release|Any CPU
		{1B0FB7A3-F8C2-47EC-A65D-22A3E3DBBA8E}.Ad-Hoc|iPhone.Build.0 = Release|Any CPU
		{1B0FB7A3-F8C2-47EC-A65D-22A3E3DBBA8E}.Ad-Hoc|iPhone.Deploy.0 = Release|Any CPU
		{1B0FB7A3-F8C2-47EC-A65D-22A3E3DBBA8E}.Ad-Hoc|iPhoneSimulator.ActiveCfg = Release|Any CPU
		{1B0FB7A3-F8C2-47EC-A65D-22A3E3DBBA8E}.Ad-Hoc|iPhoneSimulator.Build.0 = Release|Any CPU
		{1B0FB7A3-F8C2-47EC-A65D-22A3E3DBBA8E}.Ad-Hoc|iPhoneSimulator.Deploy.0 = Release|Any CPU
		{1B0FB7A3-F8C2-47EC-A65D-22A3E3DBBA8E}.Ad-Hoc|x64.ActiveCfg = Release|Any CPU
		{1B0FB7A3-F8C2-47EC-A65D-22A3E3DBBA8E}.Ad-Hoc|x64.Build.0 = Release|Any CPU
		{1B0FB7A3-F8C2-47EC-A65D-22A3E3DBBA8E}.Ad-Hoc|x64.Deploy.0 = Release|Any CPU
		{1B0FB7A3-F8C2-47EC-A65D-22A3E3DBBA8E}.Ad-Hoc|x86.ActiveCfg = Release|Any CPU
		{1B0FB7A3-F8C2-47EC-A65D-22A3E3DBBA8E}.Ad-Hoc|x86.Build.0 = Release|Any CPU
		{1B0FB7A3-F8C2-47EC-A65D-22A3E3DBBA8E}.Ad-Hoc|x86.Deploy.0 = Release|Any CPU
		{1B0FB7A3-F8C2-47EC-A65D-22A3E3DBBA8E}.AppStore|Any CPU.ActiveCfg = Release|Any CPU
		{1B0FB7A3-F8C2-47EC-A65D-22A3E3DBBA8E}.AppStore|Any CPU.Build.0 = Release|Any CPU
		{1B0FB7A3-F8C2-47EC-A65D-22A3E3DBBA8E}.AppStore|Any CPU.Deploy.0 = Release|Any CPU
		{1B0FB7A3-F8C2-47EC-A65D-22A3E3DBBA8E}.AppStore|ARM.ActiveCfg = Release|Any CPU
		{1B0FB7A3-F8C2-47EC-A65D-22A3E3DBBA8E}.AppStore|ARM.Build.0 = Release|Any CPU
		{1B0FB7A3-F8C2-47EC-A65D-22A3E3DBBA8E}.AppStore|ARM.Deploy.0 = Release|Any CPU
		{1B0FB7A3-F8C2-47EC-A65D-22A3E3DBBA8E}.AppStore|iPhone.ActiveCfg = Release|Any CPU
		{1B0FB7A3-F8C2-47EC-A65D-22A3E3DBBA8E}.AppStore|iPhone.Build.0 = Release|Any CPU
		{1B0FB7A3-F8C2-47EC-A65D-22A3E3DBBA8E}.AppStore|iPhone.Deploy.0 = Release|Any CPU
		{1B0FB7A3-F8C2-47EC-A65D-22A3E3DBBA8E}.AppStore|iPhoneSimulator.ActiveCfg = Release|Any CPU
		{1B0FB7A3-F8C2-47EC-A65D-22A3E3DBBA8E}.AppStore|iPhoneSimulator.Build.0 = Release|Any CPU
		{1B0FB7A3-F8C2-47EC-A65D-22A3E3DBBA8E}.AppStore|iPhoneSimulator.Deploy.0 = Release|Any CPU
		{1B0FB7A3-F8C2-47EC-A65D-22A3E3DBBA8E}.AppStore|x64.ActiveCfg = Release|Any CPU
		{1B0FB7A3-F8C2-47EC-A65D-22A3E3DBBA8E}.AppStore|x64.Build.0 = Release|Any CPU
		{1B0FB7A3-F8C2-47EC-A65D-22A3E3DBBA8E}.AppStore|x64.Deploy.0 = Release|Any CPU
		{1B0FB7A3-F8C2-47EC-A65D-22A3E3DBBA8E}.AppStore|x86.ActiveCfg = Release|Any CPU
		{1B0FB7A3-F8C2-47EC-A65D-22A3E3DBBA8E}.AppStore|x86.Build.0 = Release|Any CPU
		{1B0FB7A3-F8C2-47EC-A65D-22A3E3DBBA8E}.AppStore|x86.Deploy.0 = Release|Any CPU
		{1B0FB7A3-F8C2-47EC-A65D-22A3E3DBBA8E}.Debug|Any CPU.ActiveCfg = Debug|Any CPU
		{1B0FB7A3-F8C2-47EC-A65D-22A3E3DBBA8E}.Debug|Any CPU.Build.0 = Debug|Any CPU
		{1B0FB7A3-F8C2-47EC-A65D-22A3E3DBBA8E}.Debug|Any CPU.Deploy.0 = Debug|Any CPU
		{1B0FB7A3-F8C2-47EC-A65D-22A3E3DBBA8E}.Debug|ARM.ActiveCfg = Debug|Any CPU
		{1B0FB7A3-F8C2-47EC-A65D-22A3E3DBBA8E}.Debug|ARM.Build.0 = Debug|Any CPU
		{1B0FB7A3-F8C2-47EC-A65D-22A3E3DBBA8E}.Debug|ARM.Deploy.0 = Debug|Any CPU
		{1B0FB7A3-F8C2-47EC-A65D-22A3E3DBBA8E}.Debug|iPhone.ActiveCfg = Debug|Any CPU
		{1B0FB7A3-F8C2-47EC-A65D-22A3E3DBBA8E}.Debug|iPhone.Build.0 = Debug|Any CPU
		{1B0FB7A3-F8C2-47EC-A65D-22A3E3DBBA8E}.Debug|iPhone.Deploy.0 = Debug|Any CPU
		{1B0FB7A3-F8C2-47EC-A65D-22A3E3DBBA8E}.Debug|iPhoneSimulator.ActiveCfg = Debug|Any CPU
		{1B0FB7A3-F8C2-47EC-A65D-22A3E3DBBA8E}.Debug|iPhoneSimulator.Build.0 = Debug|Any CPU
		{1B0FB7A3-F8C2-47EC-A65D-22A3E3DBBA8E}.Debug|iPhoneSimulator.Deploy.0 = Debug|Any CPU
		{1B0FB7A3-F8C2-47EC-A65D-22A3E3DBBA8E}.Debug|x64.ActiveCfg = Debug|Any CPU
		{1B0FB7A3-F8C2-47EC-A65D-22A3E3DBBA8E}.Debug|x64.Build.0 = Debug|Any CPU
		{1B0FB7A3-F8C2-47EC-A65D-22A3E3DBBA8E}.Debug|x64.Deploy.0 = Debug|Any CPU
		{1B0FB7A3-F8C2-47EC-A65D-22A3E3DBBA8E}.Debug|x86.ActiveCfg = Debug|Any CPU
		{1B0FB7A3-F8C2-47EC-A65D-22A3E3DBBA8E}.Debug|x86.Build.0 = Debug|Any CPU
		{1B0FB7A3-F8C2-47EC-A65D-22A3E3DBBA8E}.Debug|x86.Deploy.0 = Debug|Any CPU
		{1B0FB7A3-F8C2-47EC-A65D-22A3E3DBBA8E}.Release|Any CPU.ActiveCfg = Release|Any CPU
		{1B0FB7A3-F8C2-47EC-A65D-22A3E3DBBA8E}.Release|Any CPU.Build.0 = Release|Any CPU
		{1B0FB7A3-F8C2-47EC-A65D-22A3E3DBBA8E}.Release|Any CPU.Deploy.0 = Release|Any CPU
		{1B0FB7A3-F8C2-47EC-A65D-22A3E3DBBA8E}.Release|ARM.ActiveCfg = Release|Any CPU
		{1B0FB7A3-F8C2-47EC-A65D-22A3E3DBBA8E}.Release|ARM.Build.0 = Release|Any CPU
		{1B0FB7A3-F8C2-47EC-A65D-22A3E3DBBA8E}.Release|ARM.Deploy.0 = Release|Any CPU
		{1B0FB7A3-F8C2-47EC-A65D-22A3E3DBBA8E}.Release|iPhone.ActiveCfg = Release|Any CPU
		{1B0FB7A3-F8C2-47EC-A65D-22A3E3DBBA8E}.Release|iPhone.Build.0 = Release|Any CPU
		{1B0FB7A3-F8C2-47EC-A65D-22A3E3DBBA8E}.Release|iPhone.Deploy.0 = Release|Any CPU
		{1B0FB7A3-F8C2-47EC-A65D-22A3E3DBBA8E}.Release|iPhoneSimulator.ActiveCfg = Release|Any CPU
		{1B0FB7A3-F8C2-47EC-A65D-22A3E3DBBA8E}.Release|iPhoneSimulator.Build.0 = Release|Any CPU
		{1B0FB7A3-F8C2-47EC-A65D-22A3E3DBBA8E}.Release|iPhoneSimulator.Deploy.0 = Release|Any CPU
		{1B0FB7A3-F8C2-47EC-A65D-22A3E3DBBA8E}.Release|x64.ActiveCfg = Release|Any CPU
		{1B0FB7A3-F8C2-47EC-A65D-22A3E3DBBA8E}.Release|x64.Build.0 = Release|Any CPU
		{1B0FB7A3-F8C2-47EC-A65D-22A3E3DBBA8E}.Release|x64.Deploy.0 = Release|Any CPU
		{1B0FB7A3-F8C2-47EC-A65D-22A3E3DBBA8E}.Release|x86.ActiveCfg = Release|Any CPU
		{1B0FB7A3-F8C2-47EC-A65D-22A3E3DBBA8E}.Release|x86.Build.0 = Release|Any CPU
		{1B0FB7A3-F8C2-47EC-A65D-22A3E3DBBA8E}.Release|x86.Deploy.0 = Release|Any CPU
		{E918FCEF-A953-4607-9646-1E41B6999F21}.Ad-Hoc|Any CPU.ActiveCfg = Ad-Hoc|iPhone
		{E918FCEF-A953-4607-9646-1E41B6999F21}.Ad-Hoc|ARM.ActiveCfg = Ad-Hoc|iPhone
		{E918FCEF-A953-4607-9646-1E41B6999F21}.Ad-Hoc|iPhone.ActiveCfg = Ad-Hoc|iPhone
		{E918FCEF-A953-4607-9646-1E41B6999F21}.Ad-Hoc|iPhone.Build.0 = Ad-Hoc|iPhone
		{E918FCEF-A953-4607-9646-1E41B6999F21}.Ad-Hoc|iPhoneSimulator.ActiveCfg = Ad-Hoc|iPhoneSimulator
		{E918FCEF-A953-4607-9646-1E41B6999F21}.Ad-Hoc|iPhoneSimulator.Build.0 = Ad-Hoc|iPhoneSimulator
		{E918FCEF-A953-4607-9646-1E41B6999F21}.Ad-Hoc|x64.ActiveCfg = Ad-Hoc|iPhone
		{E918FCEF-A953-4607-9646-1E41B6999F21}.Ad-Hoc|x86.ActiveCfg = Ad-Hoc|iPhone
		{E918FCEF-A953-4607-9646-1E41B6999F21}.AppStore|Any CPU.ActiveCfg = AppStore|iPhone
		{E918FCEF-A953-4607-9646-1E41B6999F21}.AppStore|ARM.ActiveCfg = AppStore|iPhone
		{E918FCEF-A953-4607-9646-1E41B6999F21}.AppStore|iPhone.ActiveCfg = AppStore|iPhone
		{E918FCEF-A953-4607-9646-1E41B6999F21}.AppStore|iPhone.Build.0 = AppStore|iPhone
		{E918FCEF-A953-4607-9646-1E41B6999F21}.AppStore|iPhoneSimulator.ActiveCfg = AppStore|iPhoneSimulator
		{E918FCEF-A953-4607-9646-1E41B6999F21}.AppStore|iPhoneSimulator.Build.0 = AppStore|iPhoneSimulator
		{E918FCEF-A953-4607-9646-1E41B6999F21}.AppStore|x64.ActiveCfg = AppStore|iPhone
		{E918FCEF-A953-4607-9646-1E41B6999F21}.AppStore|x86.ActiveCfg = AppStore|iPhone
		{E918FCEF-A953-4607-9646-1E41B6999F21}.Debug|Any CPU.ActiveCfg = Debug|iPhone
		{E918FCEF-A953-4607-9646-1E41B6999F21}.Debug|ARM.ActiveCfg = Debug|iPhone
		{E918FCEF-A953-4607-9646-1E41B6999F21}.Debug|iPhone.ActiveCfg = Debug|iPhone
		{E918FCEF-A953-4607-9646-1E41B6999F21}.Debug|iPhone.Build.0 = Debug|iPhone
		{E918FCEF-A953-4607-9646-1E41B6999F21}.Debug|iPhoneSimulator.ActiveCfg = Debug|iPhoneSimulator
		{E918FCEF-A953-4607-9646-1E41B6999F21}.Debug|iPhoneSimulator.Build.0 = Debug|iPhoneSimulator
		{E918FCEF-A953-4607-9646-1E41B6999F21}.Debug|x64.ActiveCfg = Debug|iPhone
		{E918FCEF-A953-4607-9646-1E41B6999F21}.Debug|x86.ActiveCfg = Debug|iPhone
		{E918FCEF-A953-4607-9646-1E41B6999F21}.Release|Any CPU.ActiveCfg = Release|iPhone
		{E918FCEF-A953-4607-9646-1E41B6999F21}.Release|ARM.ActiveCfg = Release|iPhone
		{E918FCEF-A953-4607-9646-1E41B6999F21}.Release|iPhone.ActiveCfg = Release|iPhone
		{E918FCEF-A953-4607-9646-1E41B6999F21}.Release|iPhone.Build.0 = Release|iPhone
		{E918FCEF-A953-4607-9646-1E41B6999F21}.Release|iPhoneSimulator.ActiveCfg = Release|iPhoneSimulator
		{E918FCEF-A953-4607-9646-1E41B6999F21}.Release|iPhoneSimulator.Build.0 = Release|iPhoneSimulator
		{E918FCEF-A953-4607-9646-1E41B6999F21}.Release|x64.ActiveCfg = Release|iPhone
		{E918FCEF-A953-4607-9646-1E41B6999F21}.Release|x86.ActiveCfg = Release|iPhone
		{9CF8BB99-0DDB-4AD2-B8D8-52FC16CAFEF1}.Ad-Hoc|Any CPU.ActiveCfg = Release|Any CPU
		{9CF8BB99-0DDB-4AD2-B8D8-52FC16CAFEF1}.Ad-Hoc|Any CPU.Build.0 = Release|Any CPU
		{9CF8BB99-0DDB-4AD2-B8D8-52FC16CAFEF1}.Ad-Hoc|Any CPU.Deploy.0 = Release|Any CPU
		{9CF8BB99-0DDB-4AD2-B8D8-52FC16CAFEF1}.Ad-Hoc|ARM.ActiveCfg = Release|ARM
		{9CF8BB99-0DDB-4AD2-B8D8-52FC16CAFEF1}.Ad-Hoc|ARM.Build.0 = Release|ARM
		{9CF8BB99-0DDB-4AD2-B8D8-52FC16CAFEF1}.Ad-Hoc|ARM.Deploy.0 = Release|ARM
		{9CF8BB99-0DDB-4AD2-B8D8-52FC16CAFEF1}.Ad-Hoc|iPhone.ActiveCfg = Release|Any CPU
		{9CF8BB99-0DDB-4AD2-B8D8-52FC16CAFEF1}.Ad-Hoc|iPhone.Build.0 = Release|Any CPU
		{9CF8BB99-0DDB-4AD2-B8D8-52FC16CAFEF1}.Ad-Hoc|iPhone.Deploy.0 = Release|Any CPU
		{9CF8BB99-0DDB-4AD2-B8D8-52FC16CAFEF1}.Ad-Hoc|iPhoneSimulator.ActiveCfg = Release|Any CPU
		{9CF8BB99-0DDB-4AD2-B8D8-52FC16CAFEF1}.Ad-Hoc|iPhoneSimulator.Build.0 = Release|Any CPU
		{9CF8BB99-0DDB-4AD2-B8D8-52FC16CAFEF1}.Ad-Hoc|iPhoneSimulator.Deploy.0 = Release|Any CPU
		{9CF8BB99-0DDB-4AD2-B8D8-52FC16CAFEF1}.Ad-Hoc|x64.ActiveCfg = Release|Any CPU
		{9CF8BB99-0DDB-4AD2-B8D8-52FC16CAFEF1}.Ad-Hoc|x64.Build.0 = Release|Any CPU
		{9CF8BB99-0DDB-4AD2-B8D8-52FC16CAFEF1}.Ad-Hoc|x64.Deploy.0 = Release|Any CPU
		{9CF8BB99-0DDB-4AD2-B8D8-52FC16CAFEF1}.Ad-Hoc|x86.ActiveCfg = Release|x86
		{9CF8BB99-0DDB-4AD2-B8D8-52FC16CAFEF1}.Ad-Hoc|x86.Build.0 = Release|x86
		{9CF8BB99-0DDB-4AD2-B8D8-52FC16CAFEF1}.Ad-Hoc|x86.Deploy.0 = Release|x86
		{9CF8BB99-0DDB-4AD2-B8D8-52FC16CAFEF1}.AppStore|Any CPU.ActiveCfg = Release|Any CPU
		{9CF8BB99-0DDB-4AD2-B8D8-52FC16CAFEF1}.AppStore|Any CPU.Build.0 = Release|Any CPU
		{9CF8BB99-0DDB-4AD2-B8D8-52FC16CAFEF1}.AppStore|Any CPU.Deploy.0 = Release|Any CPU
		{9CF8BB99-0DDB-4AD2-B8D8-52FC16CAFEF1}.AppStore|ARM.ActiveCfg = Release|ARM
		{9CF8BB99-0DDB-4AD2-B8D8-52FC16CAFEF1}.AppStore|ARM.Build.0 = Release|ARM
		{9CF8BB99-0DDB-4AD2-B8D8-52FC16CAFEF1}.AppStore|ARM.Deploy.0 = Release|ARM
		{9CF8BB99-0DDB-4AD2-B8D8-52FC16CAFEF1}.AppStore|iPhone.ActiveCfg = Release|Any CPU
		{9CF8BB99-0DDB-4AD2-B8D8-52FC16CAFEF1}.AppStore|iPhone.Build.0 = Release|Any CPU
		{9CF8BB99-0DDB-4AD2-B8D8-52FC16CAFEF1}.AppStore|iPhone.Deploy.0 = Release|Any CPU
		{9CF8BB99-0DDB-4AD2-B8D8-52FC16CAFEF1}.AppStore|iPhoneSimulator.ActiveCfg = Release|Any CPU
		{9CF8BB99-0DDB-4AD2-B8D8-52FC16CAFEF1}.AppStore|iPhoneSimulator.Build.0 = Release|Any CPU
		{9CF8BB99-0DDB-4AD2-B8D8-52FC16CAFEF1}.AppStore|iPhoneSimulator.Deploy.0 = Release|Any CPU
		{9CF8BB99-0DDB-4AD2-B8D8-52FC16CAFEF1}.AppStore|x64.ActiveCfg = Release|Any CPU
		{9CF8BB99-0DDB-4AD2-B8D8-52FC16CAFEF1}.AppStore|x64.Build.0 = Release|Any CPU
		{9CF8BB99-0DDB-4AD2-B8D8-52FC16CAFEF1}.AppStore|x64.Deploy.0 = Release|Any CPU
		{9CF8BB99-0DDB-4AD2-B8D8-52FC16CAFEF1}.AppStore|x86.ActiveCfg = Release|x86
		{9CF8BB99-0DDB-4AD2-B8D8-52FC16CAFEF1}.AppStore|x86.Build.0 = Release|x86
		{9CF8BB99-0DDB-4AD2-B8D8-52FC16CAFEF1}.AppStore|x86.Deploy.0 = Release|x86
		{9CF8BB99-0DDB-4AD2-B8D8-52FC16CAFEF1}.Debug|Any CPU.ActiveCfg = Debug|Any CPU
		{9CF8BB99-0DDB-4AD2-B8D8-52FC16CAFEF1}.Debug|Any CPU.Build.0 = Debug|Any CPU
		{9CF8BB99-0DDB-4AD2-B8D8-52FC16CAFEF1}.Debug|Any CPU.Deploy.0 = Debug|Any CPU
		{9CF8BB99-0DDB-4AD2-B8D8-52FC16CAFEF1}.Debug|ARM.ActiveCfg = Debug|ARM
		{9CF8BB99-0DDB-4AD2-B8D8-52FC16CAFEF1}.Debug|ARM.Build.0 = Debug|ARM
		{9CF8BB99-0DDB-4AD2-B8D8-52FC16CAFEF1}.Debug|ARM.Deploy.0 = Debug|ARM
		{9CF8BB99-0DDB-4AD2-B8D8-52FC16CAFEF1}.Debug|iPhone.ActiveCfg = Debug|Any CPU
		{9CF8BB99-0DDB-4AD2-B8D8-52FC16CAFEF1}.Debug|iPhone.Build.0 = Debug|Any CPU
		{9CF8BB99-0DDB-4AD2-B8D8-52FC16CAFEF1}.Debug|iPhone.Deploy.0 = Debug|Any CPU
		{9CF8BB99-0DDB-4AD2-B8D8-52FC16CAFEF1}.Debug|iPhoneSimulator.ActiveCfg = Debug|Any CPU
		{9CF8BB99-0DDB-4AD2-B8D8-52FC16CAFEF1}.Debug|iPhoneSimulator.Build.0 = Debug|Any CPU
		{9CF8BB99-0DDB-4AD2-B8D8-52FC16CAFEF1}.Debug|iPhoneSimulator.Deploy.0 = Debug|Any CPU
		{9CF8BB99-0DDB-4AD2-B8D8-52FC16CAFEF1}.Debug|x64.ActiveCfg = Debug|Any CPU
		{9CF8BB99-0DDB-4AD2-B8D8-52FC16CAFEF1}.Debug|x64.Build.0 = Debug|Any CPU
		{9CF8BB99-0DDB-4AD2-B8D8-52FC16CAFEF1}.Debug|x64.Deploy.0 = Debug|Any CPU
		{9CF8BB99-0DDB-4AD2-B8D8-52FC16CAFEF1}.Debug|x86.ActiveCfg = Debug|x86
		{9CF8BB99-0DDB-4AD2-B8D8-52FC16CAFEF1}.Debug|x86.Build.0 = Debug|x86
		{9CF8BB99-0DDB-4AD2-B8D8-52FC16CAFEF1}.Debug|x86.Deploy.0 = Debug|x86
		{9CF8BB99-0DDB-4AD2-B8D8-52FC16CAFEF1}.Release|Any CPU.ActiveCfg = Release|Any CPU
		{9CF8BB99-0DDB-4AD2-B8D8-52FC16CAFEF1}.Release|Any CPU.Build.0 = Release|Any CPU
		{9CF8BB99-0DDB-4AD2-B8D8-52FC16CAFEF1}.Release|Any CPU.Deploy.0 = Release|Any CPU
		{9CF8BB99-0DDB-4AD2-B8D8-52FC16CAFEF1}.Release|ARM.ActiveCfg = Release|ARM
		{9CF8BB99-0DDB-4AD2-B8D8-52FC16CAFEF1}.Release|ARM.Build.0 = Release|ARM
		{9CF8BB99-0DDB-4AD2-B8D8-52FC16CAFEF1}.Release|ARM.Deploy.0 = Release|ARM
		{9CF8BB99-0DDB-4AD2-B8D8-52FC16CAFEF1}.Release|iPhone.ActiveCfg = Release|Any CPU
		{9CF8BB99-0DDB-4AD2-B8D8-52FC16CAFEF1}.Release|iPhone.Build.0 = Release|Any CPU
		{9CF8BB99-0DDB-4AD2-B8D8-52FC16CAFEF1}.Release|iPhone.Deploy.0 = Release|Any CPU
		{9CF8BB99-0DDB-4AD2-B8D8-52FC16CAFEF1}.Release|iPhoneSimulator.ActiveCfg = Release|Any CPU
		{9CF8BB99-0DDB-4AD2-B8D8-52FC16CAFEF1}.Release|iPhoneSimulator.Build.0 = Release|Any CPU
		{9CF8BB99-0DDB-4AD2-B8D8-52FC16CAFEF1}.Release|iPhoneSimulator.Deploy.0 = Release|Any CPU
		{9CF8BB99-0DDB-4AD2-B8D8-52FC16CAFEF1}.Release|x64.ActiveCfg = Release|Any CPU
		{9CF8BB99-0DDB-4AD2-B8D8-52FC16CAFEF1}.Release|x64.Build.0 = Release|Any CPU
		{9CF8BB99-0DDB-4AD2-B8D8-52FC16CAFEF1}.Release|x64.Deploy.0 = Release|Any CPU
		{9CF8BB99-0DDB-4AD2-B8D8-52FC16CAFEF1}.Release|x86.ActiveCfg = Release|x86
		{9CF8BB99-0DDB-4AD2-B8D8-52FC16CAFEF1}.Release|x86.Build.0 = Release|x86
		{9CF8BB99-0DDB-4AD2-B8D8-52FC16CAFEF1}.Release|x86.Deploy.0 = Release|x86
		{2CA693D0-F66D-4FB7-B2DB-6940A16F5407}.Ad-Hoc|Any CPU.ActiveCfg = Release|x86
		{2CA693D0-F66D-4FB7-B2DB-6940A16F5407}.Ad-Hoc|Any CPU.Build.0 = Release|x86
		{2CA693D0-F66D-4FB7-B2DB-6940A16F5407}.Ad-Hoc|Any CPU.Deploy.0 = Release|x86
		{2CA693D0-F66D-4FB7-B2DB-6940A16F5407}.Ad-Hoc|ARM.ActiveCfg = Release|ARM
		{2CA693D0-F66D-4FB7-B2DB-6940A16F5407}.Ad-Hoc|ARM.Build.0 = Release|ARM
		{2CA693D0-F66D-4FB7-B2DB-6940A16F5407}.Ad-Hoc|ARM.Deploy.0 = Release|ARM
		{2CA693D0-F66D-4FB7-B2DB-6940A16F5407}.Ad-Hoc|iPhone.ActiveCfg = Release|x86
		{2CA693D0-F66D-4FB7-B2DB-6940A16F5407}.Ad-Hoc|iPhone.Build.0 = Release|x86
		{2CA693D0-F66D-4FB7-B2DB-6940A16F5407}.Ad-Hoc|iPhone.Deploy.0 = Release|x86
		{2CA693D0-F66D-4FB7-B2DB-6940A16F5407}.Ad-Hoc|iPhoneSimulator.ActiveCfg = Release|x86
		{2CA693D0-F66D-4FB7-B2DB-6940A16F5407}.Ad-Hoc|iPhoneSimulator.Build.0 = Release|x86
		{2CA693D0-F66D-4FB7-B2DB-6940A16F5407}.Ad-Hoc|iPhoneSimulator.Deploy.0 = Release|x86
		{2CA693D0-F66D-4FB7-B2DB-6940A16F5407}.Ad-Hoc|x64.ActiveCfg = Release|x64
		{2CA693D0-F66D-4FB7-B2DB-6940A16F5407}.Ad-Hoc|x64.Build.0 = Release|x64
		{2CA693D0-F66D-4FB7-B2DB-6940A16F5407}.Ad-Hoc|x64.Deploy.0 = Release|x64
		{2CA693D0-F66D-4FB7-B2DB-6940A16F5407}.Ad-Hoc|x86.ActiveCfg = Release|x86
		{2CA693D0-F66D-4FB7-B2DB-6940A16F5407}.Ad-Hoc|x86.Build.0 = Release|x86
		{2CA693D0-F66D-4FB7-B2DB-6940A16F5407}.Ad-Hoc|x86.Deploy.0 = Release|x86
		{2CA693D0-F66D-4FB7-B2DB-6940A16F5407}.AppStore|Any CPU.ActiveCfg = Release|x86
		{2CA693D0-F66D-4FB7-B2DB-6940A16F5407}.AppStore|Any CPU.Build.0 = Release|x86
		{2CA693D0-F66D-4FB7-B2DB-6940A16F5407}.AppStore|Any CPU.Deploy.0 = Release|x86
		{2CA693D0-F66D-4FB7-B2DB-6940A16F5407}.AppStore|ARM.ActiveCfg = Release|ARM
		{2CA693D0-F66D-4FB7-B2DB-6940A16F5407}.AppStore|ARM.Build.0 = Release|ARM
		{2CA693D0-F66D-4FB7-B2DB-6940A16F5407}.AppStore|ARM.Deploy.0 = Release|ARM
		{2CA693D0-F66D-4FB7-B2DB-6940A16F5407}.AppStore|iPhone.ActiveCfg = Release|x86
		{2CA693D0-F66D-4FB7-B2DB-6940A16F5407}.AppStore|iPhone.Build.0 = Release|x86
		{2CA693D0-F66D-4FB7-B2DB-6940A16F5407}.AppStore|iPhone.Deploy.0 = Release|x86
		{2CA693D0-F66D-4FB7-B2DB-6940A16F5407}.AppStore|iPhoneSimulator.ActiveCfg = Release|x86
		{2CA693D0-F66D-4FB7-B2DB-6940A16F5407}.AppStore|iPhoneSimulator.Build.0 = Release|x86
		{2CA693D0-F66D-4FB7-B2DB-6940A16F5407}.AppStore|iPhoneSimulator.Deploy.0 = Release|x86
		{2CA693D0-F66D-4FB7-B2DB-6940A16F5407}.AppStore|x64.ActiveCfg = Release|x64
		{2CA693D0-F66D-4FB7-B2DB-6940A16F5407}.AppStore|x64.Build.0 = Release|x64
		{2CA693D0-F66D-4FB7-B2DB-6940A16F5407}.AppStore|x64.Deploy.0 = Release|x64
		{2CA693D0-F66D-4FB7-B2DB-6940A16F5407}.AppStore|x86.ActiveCfg = Release|x86
		{2CA693D0-F66D-4FB7-B2DB-6940A16F5407}.AppStore|x86.Build.0 = Release|x86
		{2CA693D0-F66D-4FB7-B2DB-6940A16F5407}.AppStore|x86.Deploy.0 = Release|x86
		{2CA693D0-F66D-4FB7-B2DB-6940A16F5407}.Debug|Any CPU.ActiveCfg = Debug|x86
		{2CA693D0-F66D-4FB7-B2DB-6940A16F5407}.Debug|ARM.ActiveCfg = Debug|ARM
		{2CA693D0-F66D-4FB7-B2DB-6940A16F5407}.Debug|ARM.Build.0 = Debug|ARM
		{2CA693D0-F66D-4FB7-B2DB-6940A16F5407}.Debug|ARM.Deploy.0 = Debug|ARM
		{2CA693D0-F66D-4FB7-B2DB-6940A16F5407}.Debug|iPhone.ActiveCfg = Debug|x86
		{2CA693D0-F66D-4FB7-B2DB-6940A16F5407}.Debug|iPhoneSimulator.ActiveCfg = Debug|x86
		{2CA693D0-F66D-4FB7-B2DB-6940A16F5407}.Debug|x64.ActiveCfg = Debug|x64
		{2CA693D0-F66D-4FB7-B2DB-6940A16F5407}.Debug|x64.Build.0 = Debug|x64
		{2CA693D0-F66D-4FB7-B2DB-6940A16F5407}.Debug|x64.Deploy.0 = Debug|x64
		{2CA693D0-F66D-4FB7-B2DB-6940A16F5407}.Debug|x86.ActiveCfg = Debug|x86
		{2CA693D0-F66D-4FB7-B2DB-6940A16F5407}.Debug|x86.Build.0 = Debug|x86
		{2CA693D0-F66D-4FB7-B2DB-6940A16F5407}.Debug|x86.Deploy.0 = Debug|x86
		{2CA693D0-F66D-4FB7-B2DB-6940A16F5407}.Release|Any CPU.ActiveCfg = Release|x86
		{2CA693D0-F66D-4FB7-B2DB-6940A16F5407}.Release|ARM.ActiveCfg = Release|ARM
		{2CA693D0-F66D-4FB7-B2DB-6940A16F5407}.Release|ARM.Build.0 = Release|ARM
		{2CA693D0-F66D-4FB7-B2DB-6940A16F5407}.Release|ARM.Deploy.0 = Release|ARM
		{2CA693D0-F66D-4FB7-B2DB-6940A16F5407}.Release|iPhone.ActiveCfg = Release|x86
		{2CA693D0-F66D-4FB7-B2DB-6940A16F5407}.Release|iPhoneSimulator.ActiveCfg = Release|x86
		{2CA693D0-F66D-4FB7-B2DB-6940A16F5407}.Release|x64.ActiveCfg = Release|x64
		{2CA693D0-F66D-4FB7-B2DB-6940A16F5407}.Release|x64.Build.0 = Release|x64
		{2CA693D0-F66D-4FB7-B2DB-6940A16F5407}.Release|x64.Deploy.0 = Release|x64
		{2CA693D0-F66D-4FB7-B2DB-6940A16F5407}.Release|x86.ActiveCfg = Release|x86
		{2CA693D0-F66D-4FB7-B2DB-6940A16F5407}.Release|x86.Build.0 = Release|x86
		{2CA693D0-F66D-4FB7-B2DB-6940A16F5407}.Release|x86.Deploy.0 = Release|x86
		{18DB6117-6F52-40FB-9017-0005D6220C58}.Ad-Hoc|Any CPU.ActiveCfg = Release|Any CPU
		{18DB6117-6F52-40FB-9017-0005D6220C58}.Ad-Hoc|Any CPU.Build.0 = Release|Any CPU
		{18DB6117-6F52-40FB-9017-0005D6220C58}.Ad-Hoc|Any CPU.Deploy.0 = Release|Any CPU
		{18DB6117-6F52-40FB-9017-0005D6220C58}.Ad-Hoc|ARM.ActiveCfg = Release|ARM
		{18DB6117-6F52-40FB-9017-0005D6220C58}.Ad-Hoc|ARM.Build.0 = Release|ARM
		{18DB6117-6F52-40FB-9017-0005D6220C58}.Ad-Hoc|ARM.Deploy.0 = Release|ARM
		{18DB6117-6F52-40FB-9017-0005D6220C58}.Ad-Hoc|iPhone.ActiveCfg = Release|Any CPU
		{18DB6117-6F52-40FB-9017-0005D6220C58}.Ad-Hoc|iPhone.Build.0 = Release|Any CPU
		{18DB6117-6F52-40FB-9017-0005D6220C58}.Ad-Hoc|iPhone.Deploy.0 = Release|Any CPU
		{18DB6117-6F52-40FB-9017-0005D6220C58}.Ad-Hoc|iPhoneSimulator.ActiveCfg = Release|Any CPU
		{18DB6117-6F52-40FB-9017-0005D6220C58}.Ad-Hoc|iPhoneSimulator.Build.0 = Release|Any CPU
		{18DB6117-6F52-40FB-9017-0005D6220C58}.Ad-Hoc|iPhoneSimulator.Deploy.0 = Release|Any CPU
		{18DB6117-6F52-40FB-9017-0005D6220C58}.Ad-Hoc|x64.ActiveCfg = Release|x64
		{18DB6117-6F52-40FB-9017-0005D6220C58}.Ad-Hoc|x64.Build.0 = Release|x64
		{18DB6117-6F52-40FB-9017-0005D6220C58}.Ad-Hoc|x64.Deploy.0 = Release|x64
		{18DB6117-6F52-40FB-9017-0005D6220C58}.Ad-Hoc|x86.ActiveCfg = Release|x86
		{18DB6117-6F52-40FB-9017-0005D6220C58}.Ad-Hoc|x86.Build.0 = Release|x86
		{18DB6117-6F52-40FB-9017-0005D6220C58}.Ad-Hoc|x86.Deploy.0 = Release|x86
		{18DB6117-6F52-40FB-9017-0005D6220C58}.AppStore|Any CPU.ActiveCfg = Release|Any CPU
		{18DB6117-6F52-40FB-9017-0005D6220C58}.AppStore|Any CPU.Build.0 = Release|Any CPU
		{18DB6117-6F52-40FB-9017-0005D6220C58}.AppStore|Any CPU.Deploy.0 = Release|Any CPU
		{18DB6117-6F52-40FB-9017-0005D6220C58}.AppStore|ARM.ActiveCfg = Release|ARM
		{18DB6117-6F52-40FB-9017-0005D6220C58}.AppStore|ARM.Build.0 = Release|ARM
		{18DB6117-6F52-40FB-9017-0005D6220C58}.AppStore|ARM.Deploy.0 = Release|ARM
		{18DB6117-6F52-40FB-9017-0005D6220C58}.AppStore|iPhone.ActiveCfg = Release|Any CPU
		{18DB6117-6F52-40FB-9017-0005D6220C58}.AppStore|iPhone.Build.0 = Release|Any CPU
		{18DB6117-6F52-40FB-9017-0005D6220C58}.AppStore|iPhone.Deploy.0 = Release|Any CPU
		{18DB6117-6F52-40FB-9017-0005D6220C58}.AppStore|iPhoneSimulator.ActiveCfg = Release|Any CPU
		{18DB6117-6F52-40FB-9017-0005D6220C58}.AppStore|iPhoneSimulator.Build.0 = Release|Any CPU
		{18DB6117-6F52-40FB-9017-0005D6220C58}.AppStore|iPhoneSimulator.Deploy.0 = Release|Any CPU
		{18DB6117-6F52-40FB-9017-0005D6220C58}.AppStore|x64.ActiveCfg = Release|x64
		{18DB6117-6F52-40FB-9017-0005D6220C58}.AppStore|x64.Build.0 = Release|x64
		{18DB6117-6F52-40FB-9017-0005D6220C58}.AppStore|x64.Deploy.0 = Release|x64
		{18DB6117-6F52-40FB-9017-0005D6220C58}.AppStore|x86.ActiveCfg = Release|x86
		{18DB6117-6F52-40FB-9017-0005D6220C58}.AppStore|x86.Build.0 = Release|x86
		{18DB6117-6F52-40FB-9017-0005D6220C58}.AppStore|x86.Deploy.0 = Release|x86
		{18DB6117-6F52-40FB-9017-0005D6220C58}.Debug|Any CPU.ActiveCfg = Debug|Any CPU
		{18DB6117-6F52-40FB-9017-0005D6220C58}.Debug|Any CPU.Build.0 = Debug|Any CPU
		{18DB6117-6F52-40FB-9017-0005D6220C58}.Debug|Any CPU.Deploy.0 = Debug|Any CPU
		{18DB6117-6F52-40FB-9017-0005D6220C58}.Debug|ARM.ActiveCfg = Debug|ARM
		{18DB6117-6F52-40FB-9017-0005D6220C58}.Debug|ARM.Build.0 = Debug|ARM
		{18DB6117-6F52-40FB-9017-0005D6220C58}.Debug|ARM.Deploy.0 = Debug|ARM
		{18DB6117-6F52-40FB-9017-0005D6220C58}.Debug|iPhone.ActiveCfg = Debug|Any CPU
		{18DB6117-6F52-40FB-9017-0005D6220C58}.Debug|iPhone.Build.0 = Debug|Any CPU
		{18DB6117-6F52-40FB-9017-0005D6220C58}.Debug|iPhone.Deploy.0 = Debug|Any CPU
		{18DB6117-6F52-40FB-9017-0005D6220C58}.Debug|iPhoneSimulator.ActiveCfg = Debug|Any CPU
		{18DB6117-6F52-40FB-9017-0005D6220C58}.Debug|iPhoneSimulator.Build.0 = Debug|Any CPU
		{18DB6117-6F52-40FB-9017-0005D6220C58}.Debug|iPhoneSimulator.Deploy.0 = Debug|Any CPU
		{18DB6117-6F52-40FB-9017-0005D6220C58}.Debug|x64.ActiveCfg = Debug|x64
		{18DB6117-6F52-40FB-9017-0005D6220C58}.Debug|x64.Build.0 = Debug|x64
		{18DB6117-6F52-40FB-9017-0005D6220C58}.Debug|x64.Deploy.0 = Debug|x64
		{18DB6117-6F52-40FB-9017-0005D6220C58}.Debug|x86.ActiveCfg = Debug|x86
		{18DB6117-6F52-40FB-9017-0005D6220C58}.Debug|x86.Build.0 = Debug|x86
		{18DB6117-6F52-40FB-9017-0005D6220C58}.Debug|x86.Deploy.0 = Debug|x86
		{18DB6117-6F52-40FB-9017-0005D6220C58}.Release|Any CPU.ActiveCfg = Release|Any CPU
		{18DB6117-6F52-40FB-9017-0005D6220C58}.Release|Any CPU.Build.0 = Release|Any CPU
		{18DB6117-6F52-40FB-9017-0005D6220C58}.Release|Any CPU.Deploy.0 = Release|Any CPU
		{18DB6117-6F52-40FB-9017-0005D6220C58}.Release|ARM.ActiveCfg = Release|ARM
		{18DB6117-6F52-40FB-9017-0005D6220C58}.Release|ARM.Build.0 = Release|ARM
		{18DB6117-6F52-40FB-9017-0005D6220C58}.Release|ARM.Deploy.0 = Release|ARM
		{18DB6117-6F52-40FB-9017-0005D6220C58}.Release|iPhone.ActiveCfg = Release|Any CPU
		{18DB6117-6F52-40FB-9017-0005D6220C58}.Release|iPhone.Build.0 = Release|Any CPU
		{18DB6117-6F52-40FB-9017-0005D6220C58}.Release|iPhone.Deploy.0 = Release|Any CPU
		{18DB6117-6F52-40FB-9017-0005D6220C58}.Release|iPhoneSimulator.ActiveCfg = Release|Any CPU
		{18DB6117-6F52-40FB-9017-0005D6220C58}.Release|iPhoneSimulator.Build.0 = Release|Any CPU
		{18DB6117-6F52-40FB-9017-0005D6220C58}.Release|iPhoneSimulator.Deploy.0 = Release|Any CPU
		{18DB6117-6F52-40FB-9017-0005D6220C58}.Release|x64.ActiveCfg = Release|x64
		{18DB6117-6F52-40FB-9017-0005D6220C58}.Release|x64.Build.0 = Release|x64
		{18DB6117-6F52-40FB-9017-0005D6220C58}.Release|x64.Deploy.0 = Release|x64
		{18DB6117-6F52-40FB-9017-0005D6220C58}.Release|x86.ActiveCfg = Release|x86
		{18DB6117-6F52-40FB-9017-0005D6220C58}.Release|x86.Build.0 = Release|x86
		{18DB6117-6F52-40FB-9017-0005D6220C58}.Release|x86.Deploy.0 = Release|x86
		{6B7D8596-F18D-4D61-8B09-29D120B2F205}.Ad-Hoc|Any CPU.ActiveCfg = Release|Any CPU
		{6B7D8596-F18D-4D61-8B09-29D120B2F205}.Ad-Hoc|Any CPU.Build.0 = Release|Any CPU
		{6B7D8596-F18D-4D61-8B09-29D120B2F205}.Ad-Hoc|ARM.ActiveCfg = Release|Any CPU
		{6B7D8596-F18D-4D61-8B09-29D120B2F205}.Ad-Hoc|ARM.Build.0 = Release|Any CPU
		{6B7D8596-F18D-4D61-8B09-29D120B2F205}.Ad-Hoc|iPhone.ActiveCfg = Release|Any CPU
		{6B7D8596-F18D-4D61-8B09-29D120B2F205}.Ad-Hoc|iPhone.Build.0 = Release|Any CPU
		{6B7D8596-F18D-4D61-8B09-29D120B2F205}.Ad-Hoc|iPhoneSimulator.ActiveCfg = Release|Any CPU
		{6B7D8596-F18D-4D61-8B09-29D120B2F205}.Ad-Hoc|iPhoneSimulator.Build.0 = Release|Any CPU
		{6B7D8596-F18D-4D61-8B09-29D120B2F205}.Ad-Hoc|x64.ActiveCfg = Release|Any CPU
		{6B7D8596-F18D-4D61-8B09-29D120B2F205}.Ad-Hoc|x64.Build.0 = Release|Any CPU
		{6B7D8596-F18D-4D61-8B09-29D120B2F205}.Ad-Hoc|x86.ActiveCfg = Release|Any CPU
		{6B7D8596-F18D-4D61-8B09-29D120B2F205}.Ad-Hoc|x86.Build.0 = Release|Any CPU
		{6B7D8596-F18D-4D61-8B09-29D120B2F205}.AppStore|Any CPU.ActiveCfg = Release|Any CPU
		{6B7D8596-F18D-4D61-8B09-29D120B2F205}.AppStore|Any CPU.Build.0 = Release|Any CPU
		{6B7D8596-F18D-4D61-8B09-29D120B2F205}.AppStore|ARM.ActiveCfg = Release|Any CPU
		{6B7D8596-F18D-4D61-8B09-29D120B2F205}.AppStore|ARM.Build.0 = Release|Any CPU
		{6B7D8596-F18D-4D61-8B09-29D120B2F205}.AppStore|iPhone.ActiveCfg = Release|Any CPU
		{6B7D8596-F18D-4D61-8B09-29D120B2F205}.AppStore|iPhone.Build.0 = Release|Any CPU
		{6B7D8596-F18D-4D61-8B09-29D120B2F205}.AppStore|iPhoneSimulator.ActiveCfg = Release|Any CPU
		{6B7D8596-F18D-4D61-8B09-29D120B2F205}.AppStore|iPhoneSimulator.Build.0 = Release|Any CPU
		{6B7D8596-F18D-4D61-8B09-29D120B2F205}.AppStore|x64.ActiveCfg = Release|Any CPU
		{6B7D8596-F18D-4D61-8B09-29D120B2F205}.AppStore|x64.Build.0 = Release|Any CPU
		{6B7D8596-F18D-4D61-8B09-29D120B2F205}.AppStore|x86.ActiveCfg = Release|Any CPU
		{6B7D8596-F18D-4D61-8B09-29D120B2F205}.AppStore|x86.Build.0 = Release|Any CPU
		{6B7D8596-F18D-4D61-8B09-29D120B2F205}.Debug|Any CPU.ActiveCfg = Debug|Any CPU
		{6B7D8596-F18D-4D61-8B09-29D120B2F205}.Debug|Any CPU.Build.0 = Debug|Any CPU
		{6B7D8596-F18D-4D61-8B09-29D120B2F205}.Debug|ARM.ActiveCfg = Debug|Any CPU
		{6B7D8596-F18D-4D61-8B09-29D120B2F205}.Debug|ARM.Build.0 = Debug|Any CPU
		{6B7D8596-F18D-4D61-8B09-29D120B2F205}.Debug|iPhone.ActiveCfg = Debug|Any CPU
		{6B7D8596-F18D-4D61-8B09-29D120B2F205}.Debug|iPhone.Build.0 = Debug|Any CPU
		{6B7D8596-F18D-4D61-8B09-29D120B2F205}.Debug|iPhoneSimulator.ActiveCfg = Debug|Any CPU
		{6B7D8596-F18D-4D61-8B09-29D120B2F205}.Debug|iPhoneSimulator.Build.0 = Debug|Any CPU
		{6B7D8596-F18D-4D61-8B09-29D120B2F205}.Debug|x64.ActiveCfg = Debug|Any CPU
		{6B7D8596-F18D-4D61-8B09-29D120B2F205}.Debug|x64.Build.0 = Debug|Any CPU
		{6B7D8596-F18D-4D61-8B09-29D120B2F205}.Debug|x86.ActiveCfg = Debug|Any CPU
		{6B7D8596-F18D-4D61-8B09-29D120B2F205}.Debug|x86.Build.0 = Debug|Any CPU
		{6B7D8596-F18D-4D61-8B09-29D120B2F205}.Release|Any CPU.ActiveCfg = Release|Any CPU
		{6B7D8596-F18D-4D61-8B09-29D120B2F205}.Release|Any CPU.Build.0 = Release|Any CPU
		{6B7D8596-F18D-4D61-8B09-29D120B2F205}.Release|ARM.ActiveCfg = Release|Any CPU
		{6B7D8596-F18D-4D61-8B09-29D120B2F205}.Release|ARM.Build.0 = Release|Any CPU
		{6B7D8596-F18D-4D61-8B09-29D120B2F205}.Release|iPhone.ActiveCfg = Release|Any CPU
		{6B7D8596-F18D-4D61-8B09-29D120B2F205}.Release|iPhone.Build.0 = Release|Any CPU
		{6B7D8596-F18D-4D61-8B09-29D120B2F205}.Release|iPhoneSimulator.ActiveCfg = Release|Any CPU
		{6B7D8596-F18D-4D61-8B09-29D120B2F205}.Release|iPhoneSimulator.Build.0 = Release|Any CPU
		{6B7D8596-F18D-4D61-8B09-29D120B2F205}.Release|x64.ActiveCfg = Release|Any CPU
		{6B7D8596-F18D-4D61-8B09-29D120B2F205}.Release|x64.Build.0 = Release|Any CPU
		{6B7D8596-F18D-4D61-8B09-29D120B2F205}.Release|x86.ActiveCfg = Release|Any CPU
		{6B7D8596-F18D-4D61-8B09-29D120B2F205}.Release|x86.Build.0 = Release|Any CPU
	EndGlobalSection
	GlobalSection(SolutionProperties) = preSolution
		HideSolutionNode = FALSE
	EndGlobalSection
EndGlobal
